// !$*UTF8*$!
{
	archiveVersion = 1;
	classes = {
	};
	objectVersion = 56;
	objects = {

/* Begin PBXBuildFile section */
		2A04A47E293094B900C68F2F /* AppDelegate.m in Sources */ = {isa = PBXBuildFile; fileRef = 2A04A47D293094B900C68F2F /* AppDelegate.m */; };
		2A04A481293094B900C68F2F /* SceneDelegate.m in Sources */ = {isa = PBXBuildFile; fileRef = 2A04A480293094B900C68F2F /* SceneDelegate.m */; };
		2A04A484293094B900C68F2F /* ViewController.m in Sources */ = {isa = PBXBuildFile; fileRef = 2A04A483293094B900C68F2F /* ViewController.m */; };
		2A04A487293094B900C68F2F /* Main.storyboard in Resources */ = {isa = PBXBuildFile; fileRef = 2A04A485293094B900C68F2F /* Main.storyboard */; };
		2A04A489293094BA00C68F2F /* Assets.xcassets in Resources */ = {isa = PBXBuildFile; fileRef = 2A04A488293094BA00C68F2F /* Assets.xcassets */; };
		2A04A48C293094BA00C68F2F /* LaunchScreen.storyboard in Resources */ = {isa = PBXBuildFile; fileRef = 2A04A48A293094BA00C68F2F /* LaunchScreen.storyboard */; };
		2A04A48F293094BA00C68F2F /* main.m in Sources */ = {isa = PBXBuildFile; fileRef = 2A04A48E293094BA00C68F2F /* main.m */; };
		2A04A499293094BA00C68F2F /* iOSURLSchemeTests.m in Sources */ = {isa = PBXBuildFile; fileRef = 2A04A498293094BA00C68F2F /* iOSURLSchemeTests.m */; };
		2A04A4A3293094BA00C68F2F /* iOSURLSchemeUITests.m in Sources */ = {isa = PBXBuildFile; fileRef = 2A04A4A2293094BA00C68F2F /* iOSURLSchemeUITests.m */; };
		2A04A4A5293094BA00C68F2F /* iOSURLSchemeUITestsLaunchTests.m in Sources */ = {isa = PBXBuildFile; fileRef = 2A04A4A4293094BA00C68F2F /* iOSURLSchemeUITestsLaunchTests.m */; };
/* End PBXBuildFile section */

/* Begin PBXContainerItemProxy section */
		2A04A495293094BA00C68F2F /* PBXContainerItemProxy */ = {
			isa = PBXContainerItemProxy;
			containerPortal = 2A04A471293094B800C68F2F /* Project object */;
			proxyType = 1;
			remoteGlobalIDString = 2A04A478293094B800C68F2F;
			remoteInfo = iOSURLScheme;
		};
		2A04A49F293094BA00C68F2F /* PBXContainerItemProxy */ = {
			isa = PBXContainerItemProxy;
			containerPortal = 2A04A471293094B800C68F2F /* Project object */;
			proxyType = 1;
			remoteGlobalIDString = 2A04A478293094B800C68F2F;
			remoteInfo = iOSURLScheme;
		};
/* End PBXContainerItemProxy section */

/* Begin PBXFileReference section */
		2A04A479293094B900C68F2F /* iOSURLScheme.app */ = {isa = PBXFileReference; explicitFileType = wrapper.application; includeInIndex = 0; path = iOSURLScheme.app; sourceTree = BUILT_PRODUCTS_DIR; };
		2A04A47C293094B900C68F2F /* AppDelegate.h */ = {isa = PBXFileReference; lastKnownFileType = sourcecode.c.h; path = AppDelegate.h; sourceTree = "<group>"; };
		2A04A47D293094B900C68F2F /* AppDelegate.m */ = {isa = PBXFileReference; lastKnownFileType = sourcecode.c.objc; path = AppDelegate.m; sourceTree = "<group>"; };
		2A04A47F293094B900C68F2F /* SceneDelegate.h */ = {isa = PBXFileReference; lastKnownFileType = sourcecode.c.h; path = SceneDelegate.h; sourceTree = "<group>"; };
		2A04A480293094B900C68F2F /* SceneDelegate.m */ = {isa = PBXFileReference; lastKnownFileType = sourcecode.c.objc; path = SceneDelegate.m; sourceTree = "<group>"; };
		2A04A482293094B900C68F2F /* ViewController.h */ = {isa = PBXFileReference; lastKnownFileType = sourcecode.c.h; path = ViewController.h; sourceTree = "<group>"; };
		2A04A483293094B900C68F2F /* ViewController.m */ = {isa = PBXFileReference; lastKnownFileType = sourcecode.c.objc; path = ViewController.m; sourceTree = "<group>"; };
		2A04A486293094B900C68F2F /* Base */ = {isa = PBXFileReference; lastKnownFileType = file.storyboard; name = Base; path = Base.lproj/Main.storyboard; sourceTree = "<group>"; };
		2A04A488293094BA00C68F2F /* Assets.xcassets */ = {isa = PBXFileReference; lastKnownFileType = folder.assetcatalog; path = Assets.xcassets; sourceTree = "<group>"; };
		2A04A48B293094BA00C68F2F /* Base */ = {isa = PBXFileReference; lastKnownFileType = file.storyboard; name = Base; path = Base.lproj/LaunchScreen.storyboard; sourceTree = "<group>"; };
		2A04A48D293094BA00C68F2F /* Info.plist */ = {isa = PBXFileReference; lastKnownFileType = text.plist.xml; path = Info.plist; sourceTree = "<group>"; };
		2A04A48E293094BA00C68F2F /* main.m */ = {isa = PBXFileReference; lastKnownFileType = sourcecode.c.objc; path = main.m; sourceTree = "<group>"; };
		2A04A494293094BA00C68F2F /* iOSURLSchemeTests.xctest */ = {isa = PBXFileReference; explicitFileType = wrapper.cfbundle; includeInIndex = 0; path = iOSURLSchemeTests.xctest; sourceTree = BUILT_PRODUCTS_DIR; };
		2A04A498293094BA00C68F2F /* iOSURLSchemeTests.m */ = {isa = PBXFileReference; lastKnownFileType = sourcecode.c.objc; path = iOSURLSchemeTests.m; sourceTree = "<group>"; };
		2A04A49E293094BA00C68F2F /* iOSURLSchemeUITests.xctest */ = {isa = PBXFileReference; explicitFileType = wrapper.cfbundle; includeInIndex = 0; path = iOSURLSchemeUITests.xctest; sourceTree = BUILT_PRODUCTS_DIR; };
		2A04A4A2293094BA00C68F2F /* iOSURLSchemeUITests.m */ = {isa = PBXFileReference; lastKnownFileType = sourcecode.c.objc; path = iOSURLSchemeUITests.m; sourceTree = "<group>"; };
		2A04A4A4293094BA00C68F2F /* iOSURLSchemeUITestsLaunchTests.m */ = {isa = PBXFileReference; lastKnownFileType = sourcecode.c.objc; path = iOSURLSchemeUITestsLaunchTests.m; sourceTree = "<group>"; };
/* End PBXFileReference section */

/* Begin PBXFrameworksBuildPhase section */
		2A04A476293094B800C68F2F /* Frameworks */ = {
			isa = PBXFrameworksBuildPhase;
			buildActionMask = 2147483647;
			files = (
			);
			runOnlyForDeploymentPostprocessing = 0;
		};
		2A04A491293094BA00C68F2F /* Frameworks */ = {
			isa = PBXFrameworksBuildPhase;
			buildActionMask = 2147483647;
			files = (
			);
			runOnlyForDeploymentPostprocessing = 0;
		};
		2A04A49B293094BA00C68F2F /* Frameworks */ = {
			isa = PBXFrameworksBuildPhase;
			buildActionMask = 2147483647;
			files = (
			);
			runOnlyForDeploymentPostprocessing = 0;
		};
/* End PBXFrameworksBuildPhase section */

/* Begin PBXGroup section */
		2A04A470293094B800C68F2F = {
			isa = PBXGroup;
			children = (
				2A04A47B293094B900C68F2F /* iOSURLScheme */,
				2A04A497293094BA00C68F2F /* iOSURLSchemeTests */,
				2A04A4A1293094BA00C68F2F /* iOSURLSchemeUITests */,
				2A04A47A293094B900C68F2F /* Products */,
			);
			sourceTree = "<group>";
		};
		2A04A47A293094B900C68F2F /* Products */ = {
			isa = PBXGroup;
			children = (
				2A04A479293094B900C68F2F /* iOSURLScheme.app */,
				2A04A494293094BA00C68F2F /* iOSURLSchemeTests.xctest */,
				2A04A49E293094BA00C68F2F /* iOSURLSchemeUITests.xctest */,
			);
			name = Products;
			sourceTree = "<group>";
		};
		2A04A47B293094B900C68F2F /* iOSURLScheme */ = {
			isa = PBXGroup;
			children = (
				2A04A47C293094B900C68F2F /* AppDelegate.h */,
				2A04A47D293094B900C68F2F /* AppDelegate.m */,
				2A04A47F293094B900C68F2F /* SceneDelegate.h */,
				2A04A480293094B900C68F2F /* SceneDelegate.m */,
				2A04A482293094B900C68F2F /* ViewController.h */,
				2A04A483293094B900C68F2F /* ViewController.m */,
				2A04A485293094B900C68F2F /* Main.storyboard */,
				2A04A488293094BA00C68F2F /* Assets.xcassets */,
				2A04A48A293094BA00C68F2F /* LaunchScreen.storyboard */,
				2A04A48D293094BA00C68F2F /* Info.plist */,
				2A04A48E293094BA00C68F2F /* main.m */,
			);
			path = iOSURLScheme;
			sourceTree = "<group>";
		};
		2A04A497293094BA00C68F2F /* iOSURLSchemeTests */ = {
			isa = PBXGroup;
			children = (
				2A04A498293094BA00C68F2F /* iOSURLSchemeTests.m */,
			);
			path = iOSURLSchemeTests;
			sourceTree = "<group>";
		};
		2A04A4A1293094BA00C68F2F /* iOSURLSchemeUITests */ = {
			isa = PBXGroup;
			children = (
				2A04A4A2293094BA00C68F2F /* iOSURLSchemeUITests.m */,
				2A04A4A4293094BA00C68F2F /* iOSURLSchemeUITestsLaunchTests.m */,
			);
			path = iOSURLSchemeUITests;
			sourceTree = "<group>";
		};
/* End PBXGroup section */

/* Begin PBXNativeTarget section */
		2A04A478293094B800C68F2F /* iOSURLScheme */ = {
			isa = PBXNativeTarget;
			buildConfigurationList = 2A04A4A8293094BA00C68F2F /* Build configuration list for PBXNativeTarget "iOSURLScheme" */;
			buildPhases = (
				2A04A475293094B800C68F2F /* Sources */,
				2A04A476293094B800C68F2F /* Frameworks */,
				2A04A477293094B800C68F2F /* Resources */,
			);
			buildRules = (
			);
			dependencies = (
			);
			name = iOSURLScheme;
			productName = iOSURLScheme;
			productReference = 2A04A479293094B900C68F2F /* iOSURLScheme.app */;
			productType = "com.apple.product-type.application";
		};
		2A04A493293094BA00C68F2F /* iOSURLSchemeTests */ = {
			isa = PBXNativeTarget;
			buildConfigurationList = 2A04A4AB293094BA00C68F2F /* Build configuration list for PBXNativeTarget "iOSURLSchemeTests" */;
			buildPhases = (
				2A04A490293094BA00C68F2F /* Sources */,
				2A04A491293094BA00C68F2F /* Frameworks */,
				2A04A492293094BA00C68F2F /* Resources */,
			);
			buildRules = (
			);
			dependencies = (
				2A04A496293094BA00C68F2F /* PBXTargetDependency */,
			);
			name = iOSURLSchemeTests;
			productName = iOSURLSchemeTests;
			productReference = 2A04A494293094BA00C68F2F /* iOSURLSchemeTests.xctest */;
			productType = "com.apple.product-type.bundle.unit-test";
		};
		2A04A49D293094BA00C68F2F /* iOSURLSchemeUITests */ = {
			isa = PBXNativeTarget;
			buildConfigurationList = 2A04A4AE293094BA00C68F2F /* Build configuration list for PBXNativeTarget "iOSURLSchemeUITests" */;
			buildPhases = (
				2A04A49A293094BA00C68F2F /* Sources */,
				2A04A49B293094BA00C68F2F /* Frameworks */,
				2A04A49C293094BA00C68F2F /* Resources */,
			);
			buildRules = (
			);
			dependencies = (
				2A04A4A0293094BA00C68F2F /* PBXTargetDependency */,
			);
			name = iOSURLSchemeUITests;
			productName = iOSURLSchemeUITests;
			productReference = 2A04A49E293094BA00C68F2F /* iOSURLSchemeUITests.xctest */;
			productType = "com.apple.product-type.bundle.ui-testing";
		};
/* End PBXNativeTarget section */

/* Begin PBXProject section */
		2A04A471293094B800C68F2F /* Project object */ = {
			isa = PBXProject;
			attributes = {
				BuildIndependentTargetsInParallel = 1;
				LastUpgradeCheck = 1410;
				TargetAttributes = {
					2A04A478293094B800C68F2F = {
						CreatedOnToolsVersion = 14.1;
					};
					2A04A493293094BA00C68F2F = {
						CreatedOnToolsVersion = 14.1;
						TestTargetID = 2A04A478293094B800C68F2F;
					};
					2A04A49D293094BA00C68F2F = {
						CreatedOnToolsVersion = 14.1;
						TestTargetID = 2A04A478293094B800C68F2F;
					};
				};
			};
			buildConfigurationList = 2A04A474293094B800C68F2F /* Build configuration list for PBXProject "iOSURLScheme" */;
			compatibilityVersion = "Xcode 14.0";
			developmentRegion = en;
			hasScannedForEncodings = 0;
			knownRegions = (
				en,
				Base,
			);
			mainGroup = 2A04A470293094B800C68F2F;
			productRefGroup = 2A04A47A293094B900C68F2F /* Products */;
			projectDirPath = "";
			projectRoot = "";
			targets = (
				2A04A478293094B800C68F2F /* iOSURLScheme */,
				2A04A493293094BA00C68F2F /* iOSURLSchemeTests */,
				2A04A49D293094BA00C68F2F /* iOSURLSchemeUITests */,
			);
		};
/* End PBXProject section */

/* Begin PBXResourcesBuildPhase section */
		2A04A477293094B800C68F2F /* Resources */ = {
			isa = PBXResourcesBuildPhase;
			buildActionMask = 2147483647;
			files = (
				2A04A48C293094BA00C68F2F /* LaunchScreen.storyboard in Resources */,
				2A04A489293094BA00C68F2F /* Assets.xcassets in Resources */,
				2A04A487293094B900C68F2F /* Main.storyboard in Resources */,
			);
			runOnlyForDeploymentPostprocessing = 0;
		};
		2A04A492293094BA00C68F2F /* Resources */ = {
			isa = PBXResourcesBuildPhase;
			buildActionMask = 2147483647;
			files = (
			);
			runOnlyForDeploymentPostprocessing = 0;
		};
		2A04A49C293094BA00C68F2F /* Resources */ = {
			isa = PBXResourcesBuildPhase;
			buildActionMask = 2147483647;
			files = (
			);
			runOnlyForDeploymentPostprocessing = 0;
		};
/* End PBXResourcesBuildPhase section */

/* Begin PBXSourcesBuildPhase section */
		2A04A475293094B800C68F2F /* Sources */ = {
			isa = PBXSourcesBuildPhase;
			buildActionMask = 2147483647;
			files = (
				2A04A484293094B900C68F2F /* ViewController.m in Sources */,
				2A04A47E293094B900C68F2F /* AppDelegate.m in Sources */,
				2A04A48F293094BA00C68F2F /* main.m in Sources */,
				2A04A481293094B900C68F2F /* SceneDelegate.m in Sources */,
			);
			runOnlyForDeploymentPostprocessing = 0;
		};
		2A04A490293094BA00C68F2F /* Sources */ = {
			isa = PBXSourcesBuildPhase;
			buildActionMask = 2147483647;
			files = (
				2A04A499293094BA00C68F2F /* iOSURLSchemeTests.m in Sources */,
			);
			runOnlyForDeploymentPostprocessing = 0;
		};
		2A04A49A293094BA00C68F2F /* Sources */ = {
			isa = PBXSourcesBuildPhase;
			buildActionMask = 2147483647;
			files = (
				2A04A4A5293094BA00C68F2F /* iOSURLSchemeUITestsLaunchTests.m in Sources */,
				2A04A4A3293094BA00C68F2F /* iOSURLSchemeUITests.m in Sources */,
			);
			runOnlyForDeploymentPostprocessing = 0;
		};
/* End PBXSourcesBuildPhase section */

/* Begin PBXTargetDependency section */
		2A04A496293094BA00C68F2F /* PBXTargetDependency */ = {
			isa = PBXTargetDependency;
			target = 2A04A478293094B800C68F2F /* iOSURLScheme */;
			targetProxy = 2A04A495293094BA00C68F2F /* PBXContainerItemProxy */;
		};
		2A04A4A0293094BA00C68F2F /* PBXTargetDependency */ = {
			isa = PBXTargetDependency;
			target = 2A04A478293094B800C68F2F /* iOSURLScheme */;
			targetProxy = 2A04A49F293094BA00C68F2F /* PBXContainerItemProxy */;
		};
/* End PBXTargetDependency section */

/* Begin PBXVariantGroup section */
		2A04A485293094B900C68F2F /* Main.storyboard */ = {
			isa = PBXVariantGroup;
			children = (
				2A04A486293094B900C68F2F /* Base */,
			);
			name = Main.storyboard;
			sourceTree = "<group>";
		};
		2A04A48A293094BA00C68F2F /* LaunchScreen.storyboard */ = {
			isa = PBXVariantGroup;
			children = (
				2A04A48B293094BA00C68F2F /* Base */,
			);
			name = LaunchScreen.storyboard;
			sourceTree = "<group>";
		};
/* End PBXVariantGroup section */

/* Begin XCBuildConfiguration section */
		2A04A4A6293094BA00C68F2F /* Debug */ = {
			isa = XCBuildConfiguration;
			buildSettings = {
				ALWAYS_SEARCH_USER_PATHS = NO;
				CLANG_ANALYZER_NONNULL = YES;
				CLANG_ANALYZER_NUMBER_OBJECT_CONVERSION = YES_AGGRESSIVE;
				CLANG_CXX_LANGUAGE_STANDARD = "gnu++20";
				CLANG_ENABLE_MODULES = YES;
				CLANG_ENABLE_OBJC_ARC = YES;
				CLANG_ENABLE_OBJC_WEAK = YES;
				CLANG_WARN_BLOCK_CAPTURE_AUTORELEASING = YES;
				CLANG_WARN_BOOL_CONVERSION = YES;
				CLANG_WARN_COMMA = YES;
				CLANG_WARN_CONSTANT_CONVERSION = YES;
				CLANG_WARN_DEPRECATED_OBJC_IMPLEMENTATIONS = YES;
				CLANG_WARN_DIRECT_OBJC_ISA_USAGE = YES_ERROR;
				CLANG_WARN_DOCUMENTATION_COMMENTS = YES;
				CLANG_WARN_EMPTY_BODY = YES;
				CLANG_WARN_ENUM_CONVERSION = YES;
				CLANG_WARN_INFINITE_RECURSION = YES;
				CLANG_WARN_INT_CONVERSION = YES;
				CLANG_WARN_NON_LITERAL_NULL_CONVERSION = YES;
				CLANG_WARN_OBJC_IMPLICIT_RETAIN_SELF = YES;
				CLANG_WARN_OBJC_LITERAL_CONVERSION = YES;
				CLANG_WARN_OBJC_ROOT_CLASS = YES_ERROR;
				CLANG_WARN_QUOTED_INCLUDE_IN_FRAMEWORK_HEADER = YES;
				CLANG_WARN_RANGE_LOOP_ANALYSIS = YES;
				CLANG_WARN_STRICT_PROTOTYPES = YES;
				CLANG_WARN_SUSPICIOUS_MOVE = YES;
				CLANG_WARN_UNGUARDED_AVAILABILITY = YES_AGGRESSIVE;
				CLANG_WARN_UNREACHABLE_CODE = YES;
				CLANG_WARN__DUPLICATE_METHOD_MATCH = YES;
				COPY_PHASE_STRIP = NO;
				DEBUG_INFORMATION_FORMAT = dwarf;
				ENABLE_STRICT_OBJC_MSGSEND = YES;
				ENABLE_TESTABILITY = YES;
				GCC_C_LANGUAGE_STANDARD = gnu11;
				GCC_DYNAMIC_NO_PIC = NO;
				GCC_NO_COMMON_BLOCKS = YES;
				GCC_OPTIMIZATION_LEVEL = 0;
				GCC_PREPROCESSOR_DEFINITIONS = (
					"DEBUG=1",
					"$(inherited)",
				);
				GCC_WARN_64_TO_32_BIT_CONVERSION = YES;
				GCC_WARN_ABOUT_RETURN_TYPE = YES_ERROR;
				GCC_WARN_UNDECLARED_SELECTOR = YES;
				GCC_WARN_UNINITIALIZED_AUTOS = YES_AGGRESSIVE;
				GCC_WARN_UNUSED_FUNCTION = YES;
				GCC_WARN_UNUSED_VARIABLE = YES;
				IPHONEOS_DEPLOYMENT_TARGET = 16.1;
				MTL_ENABLE_DEBUG_INFO = INCLUDE_SOURCE;
				MTL_FAST_MATH = YES;
				ONLY_ACTIVE_ARCH = YES;
				SDKROOT = iphoneos;
			};
			name = Debug;
		};
		2A04A4A7293094BA00C68F2F /* Release */ = {
			isa = XCBuildConfiguration;
			buildSettings = {
				ALWAYS_SEARCH_USER_PATHS = NO;
				CLANG_ANALYZER_NONNULL = YES;
				CLANG_ANALYZER_NUMBER_OBJECT_CONVERSION = YES_AGGRESSIVE;
				CLANG_CXX_LANGUAGE_STANDARD = "gnu++20";
				CLANG_ENABLE_MODULES = YES;
				CLANG_ENABLE_OBJC_ARC = YES;
				CLANG_ENABLE_OBJC_WEAK = YES;
				CLANG_WARN_BLOCK_CAPTURE_AUTORELEASING = YES;
				CLANG_WARN_BOOL_CONVERSION = YES;
				CLANG_WARN_COMMA = YES;
				CLANG_WARN_CONSTANT_CONVERSION = YES;
				CLANG_WARN_DEPRECATED_OBJC_IMPLEMENTATIONS = YES;
				CLANG_WARN_DIRECT_OBJC_ISA_USAGE = YES_ERROR;
				CLANG_WARN_DOCUMENTATION_COMMENTS = YES;
				CLANG_WARN_EMPTY_BODY = YES;
				CLANG_WARN_ENUM_CONVERSION = YES;
				CLANG_WARN_INFINITE_RECURSION = YES;
				CLANG_WARN_INT_CONVERSION = YES;
				CLANG_WARN_NON_LITERAL_NULL_CONVERSION = YES;
				CLANG_WARN_OBJC_IMPLICIT_RETAIN_SELF = YES;
				CLANG_WARN_OBJC_LITERAL_CONVERSION = YES;
				CLANG_WARN_OBJC_ROOT_CLASS = YES_ERROR;
				CLANG_WARN_QUOTED_INCLUDE_IN_FRAMEWORK_HEADER = YES;
				CLANG_WARN_RANGE_LOOP_ANALYSIS = YES;
				CLANG_WARN_STRICT_PROTOTYPES = YES;
				CLANG_WARN_SUSPICIOUS_MOVE = YES;
				CLANG_WARN_UNGUARDED_AVAILABILITY = YES_AGGRESSIVE;
				CLANG_WARN_UNREACHABLE_CODE = YES;
				CLANG_WARN__DUPLICATE_METHOD_MATCH = YES;
				COPY_PHASE_STRIP = NO;
				DEBUG_INFORMATION_FORMAT = "dwarf-with-dsym";
				ENABLE_NS_ASSERTIONS = NO;
				ENABLE_STRICT_OBJC_MSGSEND = YES;
				GCC_C_LANGUAGE_STANDARD = gnu11;
				GCC_NO_COMMON_BLOCKS = YES;
				GCC_WARN_64_TO_32_BIT_CONVERSION = YES;
				GCC_WARN_ABOUT_RETURN_TYPE = YES_ERROR;
				GCC_WARN_UNDECLARED_SELECTOR = YES;
				GCC_WARN_UNINITIALIZED_AUTOS = YES_AGGRESSIVE;
				GCC_WARN_UNUSED_FUNCTION = YES;
				GCC_WARN_UNUSED_VARIABLE = YES;
				IPHONEOS_DEPLOYMENT_TARGET = 16.1;
				MTL_ENABLE_DEBUG_INFO = NO;
				MTL_FAST_MATH = YES;
				SDKROOT = iphoneos;
				VALIDATE_PRODUCT = YES;
			};
			name = Release;
		};
		2A04A4A9293094BA00C68F2F /* Debug */ = {
			isa = XCBuildConfiguration;
			buildSettings = {
				ASSETCATALOG_COMPILER_APPICON_NAME = AppIcon;
				ASSETCATALOG_COMPILER_GLOBAL_ACCENT_COLOR_NAME = AccentColor;
				CODE_SIGN_STYLE = Automatic;
				CURRENT_PROJECT_VERSION = 1;
				GENERATE_INFOPLIST_FILE = YES;
				INFOPLIST_FILE = iOSURLScheme/Info.plist;
				INFOPLIST_KEY_UIApplicationSupportsIndirectInputEvents = YES;
				INFOPLIST_KEY_UILaunchStoryboardName = LaunchScreen;
				INFOPLIST_KEY_UIMainStoryboardFile = Main;
				INFOPLIST_KEY_UISupportedInterfaceOrientations_iPad = "UIInterfaceOrientationPortrait UIInterfaceOrientationPortraitUpsideDown UIInterfaceOrientationLandscapeLeft UIInterfaceOrientationLandscapeRight";
				INFOPLIST_KEY_UISupportedInterfaceOrientations_iPhone = "UIInterfaceOrientationPortrait UIInterfaceOrientationLandscapeLeft UIInterfaceOrientationLandscapeRight";
				LD_RUNPATH_SEARCH_PATHS = (
					"$(inherited)",
					"@executable_path/Frameworks",
				);
				MARKETING_VERSION = 1.0;
				PRODUCT_BUNDLE_IDENTIFIER = "-11111.iOSURLScheme";
				PRODUCT_NAME = "$(TARGET_NAME)";
				SWIFT_EMIT_LOC_STRINGS = YES;
				TARGETED_DEVICE_FAMILY = "1,2";
			};
			name = Debug;
		};
		2A04A4AA293094BA00C68F2F /* Release */ = {
			isa = XCBuildConfiguration;
			buildSettings = {
				ASSETCATALOG_COMPILER_APPICON_NAME = AppIcon;
				ASSETCATALOG_COMPILER_GLOBAL_ACCENT_COLOR_NAME = AccentColor;
				CODE_SIGN_STYLE = Automatic;
				CURRENT_PROJECT_VERSION = 1;
				GENERATE_INFOPLIST_FILE = YES;
				INFOPLIST_FILE = iOSURLScheme/Info.plist;
				INFOPLIST_KEY_UIApplicationSupportsIndirectInputEvents = YES;
				INFOPLIST_KEY_UILaunchStoryboardName = LaunchScreen;
				INFOPLIST_KEY_UIMainStoryboardFile = Main;
				INFOPLIST_KEY_UISupportedInterfaceOrientations_iPad = "UIInterfaceOrientationPortrait UIInterfaceOrientationPortraitUpsideDown UIInterfaceOrientationLandscapeLeft UIInterfaceOrientationLandscapeRight";
				INFOPLIST_KEY_UISupportedInterfaceOrientations_iPhone = "UIInterfaceOrientationPortrait UIInterfaceOrientationLandscapeLeft UIInterfaceOrientationLandscapeRight";
				LD_RUNPATH_SEARCH_PATHS = (
					"$(inherited)",
					"@executable_path/Frameworks",
				);
				MARKETING_VERSION = 1.0;
				PRODUCT_BUNDLE_IDENTIFIER = "-11111.iOSURLScheme";
				PRODUCT_NAME = "$(TARGET_NAME)";
				SWIFT_EMIT_LOC_STRINGS = YES;
				TARGETED_DEVICE_FAMILY = "1,2";
			};
			name = Release;
		};
		2A04A4AC293094BA00C68F2F /* Debug */ = {
			isa = XCBuildConfiguration;
			buildSettings = {
				BUNDLE_LOADER = "$(TEST_HOST)";
				CODE_SIGN_STYLE = Automatic;
				CURRENT_PROJECT_VERSION = 1;
				GENERATE_INFOPLIST_FILE = YES;
				IPHONEOS_DEPLOYMENT_TARGET = 16.1;
				MARKETING_VERSION = 1.0;
				PRODUCT_BUNDLE_IDENTIFIER = "-11111.iOSURLSchemeTests";
				PRODUCT_NAME = "$(TARGET_NAME)";
				SWIFT_EMIT_LOC_STRINGS = NO;
				TARGETED_DEVICE_FAMILY = "1,2";
				TEST_HOST = "$(BUILT_PRODUCTS_DIR)/iOSURLScheme.app/$(BUNDLE_EXECUTABLE_FOLDER_PATH)/iOSURLScheme";
			};
			name = Debug;
		};
		2A04A4AD293094BA00C68F2F /* Release */ = {
			isa = XCBuildConfiguration;
			buildSettings = {
				BUNDLE_LOADER = "$(TEST_HOST)";
				CODE_SIGN_STYLE = Automatic;
				CURRENT_PROJECT_VERSION = 1;
				GENERATE_INFOPLIST_FILE = YES;
				IPHONEOS_DEPLOYMENT_TARGET = 16.1;
				MARKETING_VERSION = 1.0;
				PRODUCT_BUNDLE_IDENTIFIER = "-11111.iOSURLSchemeTests";
				PRODUCT_NAME = "$(TARGET_NAME)";
				SWIFT_EMIT_LOC_STRINGS = NO;
				TARGETED_DEVICE_FAMILY = "1,2";
				TEST_HOST = "$(BUILT_PRODUCTS_DIR)/iOSURLScheme.app/$(BUNDLE_EXECUTABLE_FOLDER_PATH)/iOSURLScheme";
			};
			name = Release;
		};
		2A04A4AF293094BA00C68F2F /* Debug */ = {
			isa = XCBuildConfiguration;
			buildSettings = {
				CODE_SIGN_STYLE = Automatic;
				CURRENT_PROJECT_VERSION = 1;
				GENERATE_INFOPLIST_FILE = YES;
				MARKETING_VERSION = 1.0;
				PRODUCT_BUNDLE_IDENTIFIER = "-11111.iOSURLSchemeUITests";
				PRODUCT_NAME = "$(TARGET_NAME)";
				SWIFT_EMIT_LOC_STRINGS = NO;
				TARGETED_DEVICE_FAMILY = "1,2";
				TEST_TARGET_NAME = iOSURLScheme;
			};
			name = Debug;
		};
		2A04A4B0293094BA00C68F2F /* Release */ = {
			isa = XCBuildConfiguration;
			buildSettings = {
				CODE_SIGN_STYLE = Automatic;
				CURRENT_PROJECT_VERSION = 1;
				GENERATE_INFOPLIST_FILE = YES;
				MARKETING_VERSION = 1.0;
				PRODUCT_BUNDLE_IDENTIFIER = "-11111.iOSURLSchemeUITests";
				PRODUCT_NAME = "$(TARGET_NAME)";
				SWIFT_EMIT_LOC_STRINGS = NO;
				TARGETED_DEVICE_FAMILY = "1,2";
				TEST_TARGET_NAME = iOSURLScheme;
			};
			name = Release;
		};
/* End XCBuildConfiguration section */

/* Begin XCConfigurationList section */
		2A04A474293094B800C68F2F /* Build configuration list for PBXProject "iOSURLScheme" */ = {
			isa = XCConfigurationList;
			buildConfigurations = (
				2A04A4A6293094BA00C68F2F /* Debug */,
				2A04A4A7293094BA00C68F2F /* Release */,
			);
			defaultConfigurationIsVisible = 0;
			defaultConfigurationName = Release;
		};
		2A04A4A8293094BA00C68F2F /* Build configuration list for PBXNativeTarget "iOSURLScheme" */ = {
			isa = XCConfigurationList;
			buildConfigurations = (
				2A04A4A9293094BA00C68F2F /* Debug */,
				2A04A4AA293094BA00C68F2F /* Release */,
			);
			defaultConfigurationIsVisible = 0;
			defaultConfigurationName = Release;
		};
		2A04A4AB293094BA00C68F2F /* Build configuration list for PBXNativeTarget "iOSURLSchemeTests" */ = {
			isa = XCConfigurationList;
			buildConfigurations = (
				2A04A4AC293094BA00C68F2F /* Debug */,
				2A04A4AD293094BA00C68F2F /* Release */,
			);
			defaultConfigurationIsVisible = 0;
			defaultConfigurationName = Release;
		};
		2A04A4AE293094BA00C68F2F /* Build configuration list for PBXNativeTarget "iOSURLSchemeUITests" */ = {
			isa = XCConfigurationList;
			buildConfigurations = (
				2A04A4AF293094BA00C68F2F /* Debug */,
				2A04A4B0293094BA00C68F2F /* Release */,
			);
			defaultConfigurationIsVisible = 0;
			defaultConfigurationName = Release;
		};
/* End XCConfigurationList section */
	};
	rootObject = 2A04A471293094B800C68F2F /* Project object */;
}
